
Microsoft Visual Studio Solution File, Format Version 12.00
Project("{FAE04EC0-301F-11D3-BF4B-00C04F79EFBC}") = "Notificacion.API", "Notificacion.API\Notificacion.API.csproj", "{0CAE0374-A18E-4C8C-B538-FEE9490AA3E7}"
EndProject
Project("{FAE04EC0-301F-11D3-BF4B-00C04F79EFBC}") = "Notificacion.Domain", "Notificacion.Domain\Notificacion.Domain.csproj", "{724C0ACB-E900-47A9-A61B-A636969EB6AA}"
EndProject
Project("{FAE04EC0-301F-11D3-BF4B-00C04F79EFBC}") = "Notificacion.Application", "Notificacion.Application\Notificacion.Application.csproj", "{7935FFA4-CADC-46DC-B3E8-1828E9538F60}"
EndProject
Project("{FAE04EC0-301F-11D3-BF4B-00C04F79EFBC}") = "Notificacion.Infrastructura", "Notificacion.Infrastructura\Notificacion.Infrastructura.csproj", "{8FF38542-FAD4-4C9F-B748-70D9C652E458}"
EndProject
Project("{FAE04EC0-301F-11D3-BF4B-00C04F79EFBC}") = "BluidingBlocks", "BluidingBlocks\BluidingBlocks.csproj", "{F5158118-2CE5-4F81-B190-8BE1F37E6BA6}"
EndProject
Global
	GlobalSection(SolutionConfigurationPlatforms) = preSolution
		Debug|Any CPU = Debug|Any CPU
		Release|Any CPU = Release|Any CPU
	EndGlobalSection
	GlobalSection(ProjectConfigurationPlatforms) = postSolution
		{0CAE0374-A18E-4C8C-B538-FEE9490AA3E7}.Debug|Any CPU.ActiveCfg = Debug|Any CPU
		{0CAE0374-A18E-4C8C-B538-FEE9490AA3E7}.Debug|Any CPU.Build.0 = Debug|Any CPU
		{0CAE0374-A18E-4C8C-B538-FEE9490AA3E7}.Release|Any CPU.ActiveCfg = Release|Any CPU
		{0CAE0374-A18E-4C8C-B538-FEE9490AA3E7}.Release|Any CPU.Build.0 = Release|Any CPU
		{724C0ACB-E900-47A9-A61B-A636969EB6AA}.Debug|Any CPU.ActiveCfg = Debug|Any CPU
		{724C0ACB-E900-47A9-A61B-A636969EB6AA}.Debug|Any CPU.Build.0 = Debug|Any CPU
		{724C0ACB-E900-47A9-A61B-A636969EB6AA}.Release|Any CPU.ActiveCfg = Release|Any CPU
		{724C0ACB-E900-47A9-A61B-A636969EB6AA}.Release|Any CPU.Build.0 = Release|Any CPU
		{7935FFA4-CADC-46DC-B3E8-1828E9538F60}.Debug|Any CPU.ActiveCfg = Debug|Any CPU
		{7935FFA4-CADC-46DC-B3E8-1828E9538F60}.Debug|Any CPU.Build.0 = Debug|Any CPU
		{7935FFA4-CADC-46DC-B3E8-1828E9538F60}.Release|Any CPU.ActiveCfg = Release|Any CPU
		{7935FFA4-CADC-46DC-B3E8-1828E9538F60}.Release|Any CPU.Build.0 = Release|Any CPU
		{8FF38542-FAD4-4C9F-B748-70D9C652E458}.Debug|Any CPU.ActiveCfg = Debug|Any CPU
		{8FF38542-FAD4-4C9F-B748-70D9C652E458}.Debug|Any CPU.Build.0 = Debug|Any CPU
		{8FF38542-FAD4-4C9F-B748-70D9C652E458}.Release|Any CPU.ActiveCfg = Release|Any CPU
		{8FF38542-FAD4-4C9F-B748-70D9C652E458}.Release|Any CPU.Build.0 = Release|Any CPU
		{F5158118-2CE5-4F81-B190-8BE1F37E6BA6}.Debug|Any CPU.ActiveCfg = Debug|Any CPU
		{F5158118-2CE5-4F81-B190-8BE1F37E6BA6}.Debug|Any CPU.Build.0 = Debug|Any CPU
		{F5158118-2CE5-4F81-B190-8BE1F37E6BA6}.Release|Any CPU.ActiveCfg = Release|Any CPU
		{F5158118-2CE5-4F81-B190-8BE1F37E6BA6}.Release|Any CPU.Build.0 = Release|Any CPU
	EndGlobalSection
EndGlobal
